format: golden
slug: esp32-oled-weather-clock
title: 'ESP32 OLED Weather Clock: BME280, Wi-Fi and Local Time'
category: Display Projects
image_alt: ESP32 OLED weather clock with display, BME280 sensor, and time/weather readout
image: /assets/images/generated/esp32-oled-weather-clock.webp
featured_image: /assets/images/generated/esp32-oled-weather-clock.webp
hero_image: /assets/images/generated/esp32-oled-weather-clock.webp
placeholder_image: /assets/visuals/projects/placeholders/esp32-oled-weather-clock-placeholder.svg
og_image: /assets/images/og/esp32-oled-weather-clock.webp
description: Build an ESP32 SSD1306 weather clock with BME280 readings, NTP time, timezone rules and Wi-Fi recovery. Includes wiring, libraries
  and complete Arduino code.
meta_description: Build an ESP32 SSD1306 weather clock with BME280 readings, NTP time, timezone rules and Wi-Fi recovery. Includes wiring, libraries
  and complete Arduino code.
source_base: esp32-oled-weather-clock
sensor: Wi-Fi NTP time and BME280 environmental sensor
output: SSD1306 OLED display
featured: true
date_published: '2026-06-14'
date_modified: '2026-10-08'
keywords:
- ESP32
- ESP32 OLED weather clock
- ESP32 OLED clock
- ESP32 NTP clock
- SSD1306 ESP32
- BME280 ESP32
- ESP32 weather display
- Arduino tutorial
hardware:
  sensor_pin: GPIO21/GPIO22
  output_pin: GPIO21/GPIO22
  sensor_name: BME280 environmental sensor
  output_name: SSD1306 OLED display
  wiring:
  - component: SSD1306 OLED display
    pin: SDA GPIO21, SCL GPIO22
  - component: BME280 environmental sensor
    pin: SDA GPIO21, SCL GPIO22
project:
  icon: ESP
  mission_title: Build Your OLED Weather Clock
  difficulty: Beginner
  age: Ages 12+
  estimated_time: 90-150 min
  budget: Under $35
  what_you_build: A USB-powered desk clock with local HH:MM time and date, plus BME280 temperature, humidity and pressure on a 128×64 SSD1306
    OLED. Weather is measured in the room, not fetched from an online forecast. The display keeps updating while Wi-Fi reconnects; without a sensor
    it remains a clock. Before the first NTP sync it shows a waiting message alongside available readings.
  components:
  - item: ESP32 DevKit board
    note: Main controller with Wi-Fi
    icon: PART
    link: /components/esp32-devkit.html
  - item: BME280 environmental sensor
    note: Measures temperature, humidity, and pressure
    icon: PART
    link: /components/bme280.html
  - item: SSD1306 OLED display
    note: Shows clock and weather readings
    icon: PART
    link: /components/ssd1306-oled.html
  - item: Breadboard and jumper wires
    note: Prototype the shared I2C bus
    icon: PART
  - item: USB data cable
    note: Programming and testing
    icon: PART
  bom:
  - part: ESP32 DevKit
    qty: '1'
    estimated_cost: $6-$10
    notes: USB board with Wi-Fi
  - part: BME280 sensor module
    qty: '1'
    estimated_cost: $3-$10
    notes: Use BME280 for humidity; BMP280 does not measure humidity
  - part: SSD1306 OLED display
    qty: '1'
    estimated_cost: $3-$12
    notes: Most I2C modules use address 0x3C; some use 0x3D
  - part: Breadboard and wires
    qty: 1 set
    estimated_cost: $3-$5
    notes: Short I2C jumpers make debugging easier
  wiring:
    illustration_alt: ESP32 OLED weather clock wiring diagram with SSD1306 OLED and BME280 on shared I2C
    summary: The OLED and BME280 share I2C with different addresses. The diagram is a logical connection map, not a physical header layout. Follow
      actual module pin labels.
    steps:
    - Unplug USB before rewiring. Verify both modules support 3.3 V supply and have no bus pull-ups to 5 V.
    - Connect each module VCC/VIN to 3.3 V and GND to ESP32 GND; a VIN label does not prove 5 V compatibility.
    - Connect both SDA pins to GPIO21 and SCL pins to GPIO22. Pin order varies by breakout.
    - For BME280 labels SDI/SCK, SDI is SDA and SCK is SCL in I2C mode. Follow module documentation for CSB high and SDO address selection.
    - Keep jumpers short. Confirm OLED 0x3C/0x3D and BME280 0x76/0x77 with an I2C scan before debugging Wi-Fi.
    - Upload with your own credentials in place of the placeholders; open Serial Monitor at 115200 baud.
    image: /assets/visuals/projects/wiring/esp32-oled-weather-clock-wiring.svg
  gpio_map:
  - signal: OLED and BME280 SDA
    esp32_pin: GPIO21
    direction: I2C data
    notes: Shared bus; pull-ups to 3.3 V
  - signal: OLED and BME280 SCL
    esp32_pin: GPIO22
    direction: I2C clock
    notes: Wire.begin(21, 22)
  - signal: Both module power / ground
    esp32_pin: 3.3 V / GND
    direction: Power
    notes: Verify 3.3 V-compatible breakouts
  - signal: BME280 CSB / SDO
    esp32_pin: Module-dependent
    direction: Mode / address
    notes: CSB high for I2C; SDO selects 0x76 or 0x77 per documentation
  code:
    filename: oled-weather-clock.ino
    content: |-
      #include <WiFi.h>
      #include <Wire.h>
      #include <Adafruit_GFX.h>
      #include <Adafruit_SSD1306.h>
      #include <Adafruit_BME280.h>
      #include <time.h>
      #include <math.h>

      constexpr uint8_t I2C_SDA = 21, I2C_SCL = 22;
      constexpr uint8_t OLED_ADDRESS = 0x3C;
      constexpr int SCREEN_WIDTH = 128, SCREEN_HEIGHT = 64;
      const char* WIFI_SSID = "YOUR_WIFI_SSID";
      const char* WIFI_PASSWORD = "YOUR_WIFI_PASSWORD";
      const char* TIME_ZONE = "UTC0"; // Example: "PKT-5" for UTC+5.
      constexpr uint32_t WIFI_RETRY_MS = 30000, SENSOR_RETRY_MS = 10000;
      constexpr uint32_t FRAME_MS = 2000;
      Adafruit_SSD1306 display(SCREEN_WIDTH, SCREEN_HEIGHT, &Wire, -1);
      Adafruit_BME280 bme;
      bool bmeReady = false, wasConnected = false;
      uint32_t lastWifiAttempt = 0, lastSensorAttempt = 0, lastFrame = 0;

      bool deviceResponds(uint8_t address) {
        Wire.beginTransmission(address);
        return Wire.endTransmission() == 0;
      }
      bool beginBME280() {
        if (bme.begin(0x76, &Wire)) return true;
        return bme.begin(0x77, &Wire);
      }
      void setup() {
        Serial.begin(115200);
        Wire.begin(I2C_SDA, I2C_SCL);
        // begin() alone does not prove the OLED is present; also check I2C ACK.
        if (!deviceResponds(OLED_ADDRESS) ||
            !display.begin(SSD1306_SWITCHCAPVCC, OLED_ADDRESS, true, false)) {
          Serial.println("OLED address/init failed; check power, wiring and controller.");
          while (true) delay(1000);
        }
        bmeReady = beginBME280();
        Serial.println(bmeReady ? "BME280 ready" : "BME280 missing; clock-only mode");
        display.clearDisplay();
        display.setTextColor(SSD1306_WHITE);
        display.setTextSize(1);
        display.setCursor(0, 0);
        display.println("Weather clock starting");
        display.display();
        WiFi.mode(WIFI_STA);
        WiFi.setAutoReconnect(true);
        WiFi.begin(WIFI_SSID, WIFI_PASSWORD);
        lastWifiAttempt = millis();
        lastSensorAttempt = millis();
      }
      void loop() {
        const uint32_t now = millis();
        const bool connected = WiFi.status() == WL_CONNECTED;
        if (connected && !wasConnected) {
          Serial.print("Wi-Fi connected: "); Serial.println(WiFi.localIP());
          configTzTime(TIME_ZONE, "pool.ntp.org", "time.nist.gov");
          Serial.println("NTP requested; waiting for valid time");
        } else if (!connected && wasConnected) {
          Serial.println("Wi-Fi lost; keeping display active");
          lastWifiAttempt = now;
        }
        wasConnected = connected;
        if (!connected && now - lastWifiAttempt >= WIFI_RETRY_MS) {
          lastWifiAttempt = now;
          Serial.println("Retrying Wi-Fi; check SSID/password if this repeats");
          WiFi.reconnect();
        }
        if (!bmeReady && now - lastSensorAttempt >= SENSOR_RETRY_MS) {
          lastSensorAttempt = now;
          bmeReady = beginBME280();
          if (bmeReady) Serial.println("BME280 recovered");
        }
        if (now - lastFrame < FRAME_MS) { delay(10); return; }
        lastFrame = now;
        struct tm timeinfo = {};
        const bool timeReady = getLocalTime(&timeinfo, 10);
        display.clearDisplay();
        display.setCursor(0, 0);
        if (timeReady) {
          char clockText[6], dateText[18];
          strftime(clockText, sizeof(clockText), "%H:%M", &timeinfo);
          strftime(dateText, sizeof(dateText), "%a %d %b", &timeinfo);
          display.setTextSize(2); display.println(clockText);
          display.setTextSize(1); display.println(dateText);
        } else {
          display.setTextSize(1); display.println("Time: waiting for NTP");
          Serial.println("Time not synced; check internet/DNS/NTP");
        }
        if (bmeReady) {
          const float t = bme.readTemperature(), h = bme.readHumidity();
          const float pressure = bme.readPressure() / 100.0F;
          if (isfinite(t) && isfinite(h) && isfinite(pressure) && pressure > 0) {
            display.print("Temp: "); display.print(t, 1); display.println(" C");
            display.print("Hum:  "); display.print(h, 0); display.println(" %");
            display.print("Pres: "); display.print(pressure, 0); display.println(" hPa");
          } else {
            display.println("BME280 read failed");
            Serial.println("BME280 invalid readings; will retry initialization");
            bmeReady = false; lastSensorAttempt = now;
          }
        } else display.println("BME280 missing");
        display.println(connected ? "Wi-Fi online" : "Wi-Fi offline: retry");
        display.display();
      }
  expected_output: After NTP succeeds the OLED shows local HH:MM, date, temperature in C, humidity in %, pressure in hPa and Wi-Fi status, updating
    about every two seconds. Before sync it shows a waiting message; without BME280 it keeps clock/status visible. Serial reports connection/sensor
    diagnostics. These are expected behaviors to verify, not recorded measurements.
  common_mistakes:
  - text: Leaving GMT_OFFSET_SEC at 0 and expecting local time in every country.
  - text: Buying a BMP280 board and expecting humidity; use BME280 if humidity is required.
  - text: Swapping SDA and SCL or using pins that do not match Wire.begin(21, 22).
  - text: Assuming every OLED is address 0x3C; some modules use 0x3D.
  - text: Powering an I2C module from 5 V when the board is not clearly 3.3 V safe.
  troubleshooting:
  - problem: OLED blank or init failed
    fix: Scan I2C; match 0x3C/0x3D, SDA21/SCL22, power and ground. Verify SSD1306 128×64 rather than SH1106 or 128×32. ACK alone does not identify
      the controller.
  - problem: BME280 missing or humidity unavailable
    fix: Check 0x76/0x77 and I2C mode labels SDI/SCK/CSB/SDO. BMP280 lacks humidity; a wrong device remains in clock-only mode.
  - problem: Wi-Fi keeps retrying
    fix: Replace both placeholders; check 2.4 GHz SSID, password, signal and router permissions. The display continues updating; after restoring
      access look for its IP message.
  - problem: Wi-Fi online but time waiting
    fix: Association is not internet access. Check DNS, outbound UDP123 and captive portal restrictions. Allow time for the first NTP sync.
  - problem: Time differs by hours or daylight saving
    fix: Edit TIME_ZONE using verified POSIX rules. PKT-5 means UTC+5; a fixed offset does not follow seasonal changes.
  - problem: OLED works alone but fails with sensor
    fix: Check swapped wires, addresses, pull-up voltage and short jumpers. Remove power before isolating each module.
  upgrade_ideas:
  - Add a setup screen for timezone and 12-hour or 24-hour display.
  - Show pressure trend arrows after storing recent BME280 readings.
  - Alternate between clock, weather, and Wi-Fi status screens.
  - Add deep sleep or dimming for a desk clock enclosure.
  related_guides:
  - title: ESP32 OLED Display Tutorial
    href: /guides/oled-display-esp32.html
    description: Learn how SSD1306 OLED text, coordinates, and display updates work on ESP32.
  - title: I2C Communication
    href: /guides/i2c-communication.html
    description: Understand how the OLED and BME280 share SDA and SCL on one bus.
  - title: Connect an OLED Display
    href: /guides/connect-oled-esp32.html
    description: Wire a simple OLED test before combining display output with sensors.
  related_projects:
  - title: ESP32 IoT Weather Station
    href: /projects/esp32-iot-weather-station.html
    description: Expand the same environmental readings into a fuller weather station.
  - title: ESP32 Smart Thermostat
    href: /projects/esp32-smart-thermostat.html
    description: Compare display-only monitoring with a temperature-control project.
  complete:
    summary: You built an ESP32 OLED weather clock that combines Wi-Fi time, local timezone configuration, BME280 environmental readings, and
      a compact SSD1306 display.
    skills:
    - Wire SSD1306 and BME280 modules on the same I2C bus
    - Sync ESP32 time with NTP over Wi-Fi
    - Configure POSIX timezone rules for local time
    - Show temperature, humidity, and pressure on an OLED
  story: |-
    ESP32 OLED Weather Clock turns the ESP32 into a small desk display that combines network time with local room conditions.

    The useful lesson is how several layers work together: Wi-Fi gets time from NTP, the timezone settings turn that into a local clock, the BME280 measures the environment, and the SSD1306 turns those values into something easy to read.
  eli12: Think of the ESP32 as a tiny clock brain. Wi-Fi lets it ask the internet for the current time, the timezone setting tells it what that
    time should look like where you live, the BME280 checks the room, and the OLED is the little screen that shows the result.
  parent_safety: This tutorial is designed for low-voltage learning on USB power and 3.3 V modules. Unplug the ESP32 before changing wires, keep
    the OLED and BME280 wiring tidy, and do not use mains voltage on a breadboard.
  safety_standards:
  - Unplug USB before changing jumper wires. Recheck 3.3 V and GND before reconnecting power.
  - Keep the OLED and BME280 on the ESP32 I2C pins shown in the wiring table, or update the Wire.begin pins to match your board.
  - Breadboards are for supervised, low-voltage prototypes. Move any permanent clock build into an insulated enclosure with strain relief for
    the USB cable.
  learning_objectives:
  - Wire an SSD1306 OLED and BME280 sensor on the ESP32 I2C pins.
  - Match SDA and SCL wiring to Wire.begin(21, 22) in the sketch.
  - Connect ESP32 Wi-Fi and sync time from NTP.
  - Configure POSIX timezone rules for local time.
  - Read BME280 temperature, humidity, and pressure and format them for a 128x64 OLED.
  circuit_explanation: The OLED and BME280 both use I2C, so they share SDA on GPIO21 and SCL on GPIO22 while keeping separate device addresses.
    The SSD1306 display is usually at 0x3C, while many BME280 boards use 0x76 or 0x77. Those addresses let the ESP32 talk to both modules on the
    same two signal wires.
  engineering_explanation: |-
    Bring up OLED, BME280, Wi-Fi and time sync in that order. Place BME280 away from regulator heat and direct sunlight. The local display remains useful when a network service fails.

    Module supply and bus pull-up voltages are separate checks: a VIN regulator does not prove SDA/SCL are ESP32-safe. Parallel breakout pull-ups can become too strong on larger buses; consult actual module documentation and keep this two-device bus short.
  code_explanation: |-
    setup starts I2C, checks the OLED address, tries both sensor addresses and starts Wi-Fi without a blocking connection loop. display.begin uses periphBegin=false because Wire is configured already. An I2C ACK proves a responding device, not the controller identity.

    The loop tracks connection changes and retries Wi-Fi at 30-second intervals. Every two seconds it draws time/date, valid readings and status. Missing sensor initialization is retried every ten seconds; non-finite values are not shown as weather. The short getLocalTime timeout keeps a missing time sync from freezing the display.
  testing_checklist:
  - Verify the Serial-only first sketch and board/port before adding modules.
  - Scan addresses and verify the shared bus at 3.3 V.
  - Compare local time/date against a trusted clock after sync.
  - 'Remove router access: readings/status should continue; restore it and check reconnection.'
  - 'With power off remove BME280 and restart: clock/status should still work.'
  - Check units and room readings; this is not a calibrated weather instrument.
  build_photos:
  - title: Breadboard overview
    note: Show the ESP32, SSD1306 OLED, BME280, 3.3 V rail, and shared ground clearly.
  - title: I2C wiring close-up
    note: Capture SDA on GPIO21 and SCL on GPIO22 for both the OLED and BME280.
  - title: Working display
    note: Show the OLED with time, date, temperature, humidity, and pressure after Wi-Fi sync.
  downloads:
  - text: ESP32 OLED Weather Clock Arduino sketch
    note: Use the code section as the downloadable source until file downloads are published.
  - text: Wiring checklist
    note: Match the GPIO table and wiring steps before powering the circuit.
  - text: Troubleshooting worksheet
    note: Record OLED address, BME280 address, Wi-Fi status, NTP status, and fixes.
  real_world_applications:
  - Classroom weather clock trainer
  - Desk clock with room conditions
  - Environmental display prototype
  - IoT portfolio project
  - I2C debugging practice
  faqs:
  - question: Does this fetch a weather forecast?
    answer: No. BME280 measures local room conditions; Wi-Fi supplies NTP clock synchronization.
  - question: Can it work offline?
    answer: After sync the system clock continues while powered, with possible drift. A restart without internet has no valid time until NTP succeeds.
      No battery-backed RTC is included.
  - question: Why is local time wrong?
    answer: Set TIME_ZONE to verified POSIX rules. UTC0 is UTC and PKT-5 is UTC+5; daylight-saving regions need transition rules.
  tutorial_flow: true
  assumptions: |-
    Classic ESP32-WROOM-32/32E DevKit with the named GPIOs exposed and unused. Select its exact board profile, or ESP32 Dev Module for an otherwise undocumented generic WROOM board. Arduino IDE 2.x and Arduino-ESP32 3.x; API review baseline 3.3.2, not a claim that it is the latest release. Other ESP32 families need their own pin/USB settings. Serial Monitor: 115200 baud. Examples are reviewed against documentation, not compiled or hardware tested in this content review.

    Use a 128×64 I2C SSD1306 module (0x3C in this example; verify 0x3D if needed), and a BME280 I2C breakout documented for 3.3 V supply and 3.3 V bus signals. SH1106 displays need another driver. BMP280 has no humidity measurement. Both modules share SDA21/SCL22 with pull-ups to 3.3 V. No specific breakout vendor is assumed.
  libraries:
  - name: Board and port
    note: Install esp32 by Espressif Systems 3.x; verify the Serial-only first sketch from the IDE setup guide.
  - name: Adafruit SSD1306 and Adafruit GFX Library
    note: Install in Library Manager with required dependencies, including Adafruit BusIO.
  - name: Adafruit BME280 Library and Adafruit Unified Sensor
    note: Install in Library Manager; accept required dependencies.
  - name: WiFi, Wire and time.h
    note: Provided by the ESP32 board package; no separate generic WiFi library needed.
  configuration: |-
    Replace YOUR_WIFI_SSID and YOUR_WIFI_PASSWORD with a reachable 2.4 GHz network. Do not publish real credentials. Captive portals or blocked DNS/NTP can prevent time sync even when Wi-Fi connects.

    TIME_ZONE uses POSIX rules: UTC0 is UTC; PKT-5 is Pakistan UTC+5 (opposite sign to the usual UTC offset). A daylight-saving region needs verified transition rules, not a permanently added hour. For example, EST5EDT,M3.2.0/2,M11.1.0/2 describes US Eastern rules currently used; verify local rules. configTzTime applies local-time rules; NTP supplies the clock time.

    Match OLED_ADDRESS and SCREEN_WIDTH/HEIGHT to the module. Sensor detection tries 0x76 then 0x77. readPressure returns Pa; dividing by 100 gives hPa. This is local absolute pressure, not a sea-level weather report.
  behavior:
  - - Wi-Fi absent at boot
    - Continue drawing sensor/status data; retry every 30 seconds without an indefinite setup wait.
  - - Wi-Fi drops after sync
    - Keep the system clock running and show offline status. It can drift; there is no battery-backed RTC.
  - - Network returns
    - Request NTP on the disconnected-to-connected transition; periodic SNTP updates then continue.
  - - Time not yet synced
    - Show a waiting message; use a 10 ms getLocalTime timeout rather than its default multi-second wait.
  - - Sensor absent or invalid
    - Keep time/status visible and show a warning; retry missing sensor initialization every 10 seconds.
  references:
  - title: Espressif Wi-Fi API
    href: https://docs.espressif.com/projects/arduino-esp32/en/latest/api/wifi.html
  - title: Arduino-ESP32 3.3.2 time API
    href: https://github.com/espressif/arduino-esp32/blob/3.3.2/cores/esp32/esp32-hal-time.c
  - title: Espressif time and timezone rules
    href: https://docs.espressif.com/projects/esp-idf/en/stable/esp32/api-reference/system/system_time.html
  - title: Bosch BME280 datasheet
    href: https://www.bosch-sensortec.com/media/boschsensortec/downloads/datasheets/bst-bme280-ds002.pdf
  - title: Adafruit BME280 library
    href: https://github.com/adafruit/Adafruit_BME280_Library
  - title: Adafruit SSD1306 library
    href: https://github.com/adafruit/Adafruit_SSD1306
quality_status: golden
status: complete
