format: golden
slug: esp32-oled-weather-clock
title: ESP32 OLED Weather Clock
category: Display Projects
image: /assets/visuals/projects/thumbs/esp32-oled-weather-clock-thumb.svg
featured_image: /assets/visuals/projects/thumbs/esp32-oled-weather-clock-thumb.svg
hero_image: /assets/visuals/projects/heroes/esp32-oled-weather-clock-hero.svg
placeholder_image: /assets/visuals/projects/placeholders/esp32-oled-weather-clock-placeholder.svg
og_image: /assets/visuals/projects/heroes/esp32-oled-weather-clock-hero.svg
description: Build a Wi-Fi clock that shows NTP time and weather-style readings on a crisp OLED display.
meta_description: Build a Wi-Fi clock that shows NTP time and weather-style readings on a crisp OLED display.
source_base: esp32-oled-weather-clock
sensor: NTP time and optional BME280 sensor
output: SSD1306 OLED display
featured: true
date_published: '2026-06-14'
date_modified: '2026-06-29'
keywords:
- ESP32
- ESP32 OLED Weather Clock
- NTP time and optional BME280 sensor
- SSD1306 OLED display
- Arduino tutorial
hardware:
  sensor_pin: GPIO21/GPIO22
  output_pin: I2C OLED
  sensor_name: NTP time and optional BME280 sensor
  output_name: SSD1306 OLED display
  wiring:
  - component: NTP time and optional BME280 sensor
    pin: GPIO21/GPIO22
  - component: SSD1306 OLED display
    pin: I2C OLED
project:
  icon: ESP
  mission_title: Build Your OLED Weather Clock
  difficulty: Beginner
  age: Ages 12+
  estimated_time: 90-150 min
  budget: Under $35
  what_you_build: A working weather clock with an ESP32, a real input, a controlled output, Serial Monitor diagnostics,
    and a wiring map you can expand into a more advanced version.
  components:
  - item: ESP32 DevKit board
    note: Main controller
    icon: PART
    link: /components/esp32-devkit.html
  - item: Ntp Time And Optional Bme280 Sensor
    note: Primary input for the project
    icon: PART
    link: /components/bme280.html
  - item: Ssd1306 Oled Display
    note: Physical output controlled by ESP32
    icon: PART
    link: /components/ssd1306-oled.html
  - item: Breadboard and jumper wires
    note: Prototype wiring
    icon: PART
  - item: USB data cable
    note: Programming and testing
    icon: PART
  bom:
  - part: ESP32 DevKit
    qty: '1'
    estimated_cost: $6-$10
    notes: USB board
  - part: Ntp Time And Optional Bme280 Sensor
    qty: '1'
    estimated_cost: $2-$10
    notes: Project input
  - part: Ssd1306 Oled Display
    qty: '1'
    estimated_cost: $3-$12
    notes: Use low-voltage test hardware
  - part: Breadboard and wires
    qty: 1 set
    estimated_cost: $3-$5
    notes: Prototype wiring
  wiring:
    illustration_alt: ESP32 OLED Weather Clock wiring diagram
    summary: Wire the NTP time and optional BME280 sensor first, verify readings, then connect the SSD1306 OLED
      display.
    steps:
    - Unplug USB before placing modules on the breadboard.
    - Connect the NTP time and optional BME280 sensor power pins to the correct 3.3 V or 5 V rail according to its
      module label.
    - Connect the NTP time and optional BME280 sensor signal line to GPIO21/GPIO22.
    - Connect the SSD1306 OLED display control input to I2C OLED and share ground with the ESP32.
    - Power the ESP32 from USB and test the input reading before enabling the output.
  gpio_map:
  - signal: NTP time and optional BME280 sensor
    esp32_pin: GPIO21/GPIO22
    direction: Input
    notes: Read before controlling output
  - signal: SSD1306 OLED display
    esp32_pin: I2C OLED
    direction: Output
    notes: Drive through a module or driver
  - signal: Status LED
    esp32_pin: GPIO2
    direction: Output
    notes: Optional debug indicator
  - signal: Serial Monitor
    esp32_pin: USB
    direction: Debug
    notes: 115200 baud
  code:
    filename: oled-weather-clock.ino
    content: "#include <WiFi.h>\n#include <Wire.h>\n#include <Adafruit_GFX.h>\n#include <Adafruit_SSD1306.h>\n#include\
      \ <time.h>\n\nconst char* ssid = \"YOUR_WIFI\";\nconst char* password = \"YOUR_PASSWORD\";\nAdafruit_SSD1306\
      \ display(128, 64, &Wire, -1);\n\nvoid setup() {\n  Serial.begin(115200);\n  Wire.begin(21, 22);\n  display.begin(SSD1306_SWITCHCAPVCC,\
      \ 0x3C);\n  display.clearDisplay();\n  display.setTextColor(SSD1306_WHITE);\n  WiFi.begin(ssid, password);\n\
      \  while (WiFi.status() != WL_CONNECTED) delay(300);\n  configTime(0, 0, \"pool.ntp.org\");\n}\n\nvoid loop()\
      \ {\n  struct tm timeinfo;\n  if (!getLocalTime(&timeinfo)) return;\n  display.clearDisplay();\n  display.setTextSize(2);\n\
      \  display.setCursor(0, 0);\n  display.printf(\"%02d:%02d\", timeinfo.tm_hour, timeinfo.tm_min);\n  display.setTextSize(1);\n\
      \  display.setCursor(0, 32);\n  display.println(\"ESP32 Weather Clock\");\n  display.println(WiFi.localIP());\n\
      \  display.display();\n  delay(1000);\n}\n"
  expected_output: Serial Monitor should show a changing reading. When the NTP time and optional BME280 sensor reaches
    the test condition, the status LED and SSD1306 OLED display should switch state. If the reading changes but
    the output does not, debug the output wiring separately.
  common_mistakes:
  - text: Testing input and output for the first time together.
  - text: Using a GPIO pin that does not match the code constant.
  - text: Expecting an ESP32 GPIO to power a motor, pump, or lock directly.
  - text: Forgetting the shared ground between modules.
  troubleshooting:
  - problem: NTP time and optional BME280 sensor never changes
    fix: Check power, ground, signal pin, and whether the sensor is analog or digital.
  - problem: SSD1306 OLED display does not switch
    fix: Test the output module with a simple blink-style sketch before using the full project.
  - problem: ESP32 resets under load
    fix: Use a separate supply for motors, pumps, or locks and keep only control signals connected to ESP32.
  - problem: Behavior is reversed
    fix: Your module may be active LOW; invert the output logic after confirming with Serial Monitor.
  upgrade_ideas:
  - Add OLED status feedback.
  - Add Wi-Fi dashboard or mobile alerts.
  - Store event history in flash or a cloud service.
  - Add calibration settings instead of hard-coded thresholds.
  related_guides:
  - title: Read Temperature with DHT22
    href: /guides/read-temperature-dht22.html
    description: Learn the sensor-reading workflow used in many ESP32 projects.
  - title: Connect an OLED Display
    href: /guides/connect-oled-esp32.html
    description: Add a local display for values, status, and debugging.
  related_projects:
  - title: ESP32 IoT Weather Station
    href: /projects/esp32-iot-weather-station.html
    description: Practice sensor readings and clean Serial output.
  - title: ESP32 Home Climate Automation
    href: /projects/esp32-home-climate-automation.html
    description: Turn measurements into automatic control decisions.
  complete:
    summary: You built a real weather clock and learned how to connect sensing, decision logic, and output control
      in one ESP32 project.
    skills:
    - Wire and test NTP time and optional BME280 sensor
    - Control SSD1306 OLED display from ESP32
    - Debug hardware with Serial Monitor
    - Improve the project safely
  story: 'ESP32 OLED Weather Clock turns the ESP32 into a real object that senses something, decides what it means,
    and reacts in the physical world.


    The important lesson is not only the finished weather clock. You learn how to separate input, decision logic,
    and output so a project stays debuggable instead of becoming a pile of wires and guesses.'
  eli12: Think of the ESP32 as the brain. The NTP time and optional BME280 sensor is how it notices the world. The
    SSD1306 OLED display is how it answers back. The code is the rule book that tells the brain what to do when
    the numbers change.
  parent_safety: This tutorial is designed for low-voltage learning on USB or a regulated low-voltage supply. Unplug
    the ESP32 before changing wires. Keep motors, pumps, door hardware, and relay loads separate from the USB programming
    circuit. Do not use mains voltage on a breadboard.
  learning_objectives:
  - Wire and test the NTP time and optional BME280 sensor before connecting the rest of the circuit.
  - Map each signal to a named ESP32 GPIO and keep the code constants readable.
  - Control SSD1306 OLED display using a clear threshold or command instead of hidden magic numbers.
  - Use Serial Monitor as an engineering tool, not only as a success message.
  - Identify power, wiring, and timing faults using a repeatable test checklist.
  circuit_explanation: The circuit is split into an input side and an output side. The NTP time and optional BME280
    sensor tells the ESP32 what is happening. The SSD1306 OLED display receives a controlled signal from the ESP32,
    usually through a driver, relay, or module that can handle more current than a GPIO pin.
  engineering_explanation: A reliable weather clock is built in layers. First prove the input, then prove the output,
    then join them with simple state logic. This prevents a common beginner problem where the robot, lock, or automation
    fails and every wire looks suspicious at the same time.
  code_explanation: The example uses named pins, reads the input, converts the reading into a true or false decision,
    and then updates the output and status LED. Replace the threshold with values measured from your own NTP time
    and optional BME280 sensor because modules vary.
  testing_checklist:
  - ESP32 appears on the correct port and accepts a basic blink upload.
  - Ground is shared between every module that exchanges signals with the ESP32.
  - Each GPIO in the code matches the wire connected on the breadboard.
  - Serial Monitor prints startup text at 115200 baud.
  - The NTP time and optional BME280 sensor value changes when you create a real test condition.
  - The SSD1306 OLED display changes only when the expected condition is reached.
  - The circuit still behaves correctly after power is removed and restored.
  build_photos:
  - title: Breadboard overview
    note: Show the ESP32, module placement, and power rails clearly.
  - title: Close-up wiring
    note: Capture each GPIO wire so beginners can compare their build.
  - title: Working output
    note: Show the Serial Monitor, display, robot, pump, or lock state after the code runs.
  downloads:
  - text: ESP32 OLED Weather Clock Arduino sketch
    note: Use the code section as the downloadable source until file downloads are published.
  - text: Wiring checklist
    note: Match the GPIO table and wiring steps before powering the circuit.
  - text: Troubleshooting worksheet
    note: Record symptoms, Serial output, voltage checks, and fixes.
  real_world_applications:
  - Classroom weather clock trainer
  - STEM lab demonstration
  - Home automation prototype
  - Engineering debugging practice
  - IoT portfolio project
  faqs:
  - question: Why does my NTP time and optional BME280 sensor reading look wrong?
    answer: Confirm Wi-Fi is connected before trusting NTP time, then check the optional BME280 I2C wiring on GPIO21
      and GPIO22.
  - question: Why does SSD1306 OLED display not respond?
    answer: Check OLED power, ground, SDA on GPIO21, SCL on GPIO22, and the display I2C address before replacing
      the screen.
  - question: Will the clock keep time without Wi-Fi?
    answer: The NTP version needs Wi-Fi to set time after boot. Add a real-time clock module only if you want local
      timekeeping without network access.
quality_status: golden
status: complete
