format: golden
slug: esp32-smart-door-lock
title: ESP32 Smart Door Lock
category: Home Automation
image: /assets/visuals/projects/thumbs/esp32-smart-door-lock-thumb.svg
featured_image: /assets/visuals/projects/thumbs/esp32-smart-door-lock-thumb.svg
hero_image: /assets/visuals/projects/heroes/esp32-smart-door-lock-hero.svg
placeholder_image: /assets/visuals/projects/placeholders/esp32-smart-door-lock-placeholder.svg
og_image: /assets/visuals/projects/heroes/esp32-smart-door-lock-hero.svg
description: Build a safe smart lock prototype using ESP32, an access input, and a low-voltage lock actuator output.
meta_description: Build a safe smart lock prototype using ESP32, an access input, and a low-voltage lock actuator
  output.
source_base: esp32-smart-door-lock
sensor: RFID reader or keypad input
output: servo or relay lock
featured: true
date_published: '2026-06-14'
date_modified: '2026-06-29'
keywords:
- ESP32
- ESP32 Smart Door Lock
- RFID reader or keypad input
- servo or relay lock
- Arduino tutorial
hardware:
  sensor_pin: GPIO5/GPIO22
  output_pin: GPIO26
  sensor_name: RFID reader or keypad input
  output_name: servo or relay lock
  wiring:
  - component: RFID reader or keypad input
    pin: GPIO5/GPIO22
  - component: servo or relay lock
    pin: GPIO26
project:
  icon: ESP
  mission_title: Build Your Smart Door Lock
  difficulty: Intermediate
  age: Ages 12+
  estimated_time: 90-150 min
  budget: Under $35
  what_you_build: A working door lock prototype with an ESP32, a real input, a controlled output, Serial Monitor
    diagnostics, and a wiring map you can expand into a more advanced version.
  components:
  - item: ESP32 DevKit board
    note: Main controller
    icon: PART
    link: /components/esp32-devkit.html
  - item: Rfid Reader Or Keypad Input
    note: Primary input for the project
    icon: PART
  - item: Servo Or Relay Lock
    note: Physical output controlled by ESP32
    icon: PART
    link: /components/relay-module.html
  - item: Breadboard and jumper wires
    note: Prototype wiring
    icon: PART
  - item: USB data cable
    note: Programming and testing
    icon: PART
  bom:
  - part: ESP32 DevKit
    qty: '1'
    estimated_cost: $6-$10
    notes: USB board
  - part: Rfid Reader Or Keypad Input
    qty: '1'
    estimated_cost: $2-$10
    notes: Project input
  - part: Servo Or Relay Lock
    qty: '1'
    estimated_cost: $3-$12
    notes: Use low-voltage test hardware
  - part: Breadboard and wires
    qty: 1 set
    estimated_cost: $3-$5
    notes: Prototype wiring
  wiring:
    illustration_alt: ESP32 Smart Door Lock wiring diagram
    summary: Wire the RFID reader or keypad input first, verify readings, then connect the servo or relay lock.
    steps:
    - Unplug USB before placing modules on the breadboard.
    - Connect the RFID reader or keypad input power pins to the correct 3.3 V or 5 V rail according to its module
      label.
    - Connect the RFID reader or keypad input signal line to GPIO5/GPIO22.
    - Connect the servo or relay lock control input to GPIO26 and share ground with the ESP32.
    - Power the ESP32 from USB and test the input reading before enabling the output.
  gpio_map:
  - signal: RFID reader or keypad input
    esp32_pin: GPIO5/GPIO22
    direction: Input
    notes: Read before controlling output
  - signal: servo or relay lock
    esp32_pin: GPIO26
    direction: Output
    notes: Drive through a module or driver
  - signal: Status LED
    esp32_pin: GPIO2
    direction: Output
    notes: Optional debug indicator
  - signal: Serial Monitor
    esp32_pin: USB
    direction: Debug
    notes: 115200 baud
  code:
    filename: smart-door-lock.ino
    content: "#include <SPI.h>\n#include <MFRC522.h>\n#include <ESP32Servo.h>\n\n#define SS_PIN 5\n#define RST_PIN\
      \ 22\n#define SERVO_PIN 26\n\nMFRC522 rfid(SS_PIN, RST_PIN);\nServo lockServo;\nbyte allowedUid[] = {0xDE,\
      \ 0xAD, 0xBE, 0xEF};\n\nbool allowedCard() {\n  if (rfid.uid.size != sizeof(allowedUid)) return false;\n \
      \ for (byte i = 0; i < rfid.uid.size; i++) {\n    if (rfid.uid.uidByte[i] != allowedUid[i]) return false;\n\
      \  }\n  return true;\n}\n\nvoid setup() {\n  Serial.begin(115200);\n  SPI.begin();\n  rfid.PCD_Init();\n \
      \ lockServo.attach(SERVO_PIN);\n  lockServo.write(0);\n  Serial.println(\"Door lock ready\");\n}\n\nvoid loop()\
      \ {\n  if (!rfid.PICC_IsNewCardPresent() || !rfid.PICC_ReadCardSerial()) return;\n  if (allowedCard()) {\n\
      \    Serial.println(\"Unlocked for 5 seconds\");\n    lockServo.write(90);\n    delay(5000);\n    lockServo.write(0);\n\
      \  } else {\n    Serial.println(\"Unknown card\");\n  }\n  rfid.PICC_HaltA();\n}\n"
  expected_output: Serial Monitor should show a changing reading. When the RFID reader or keypad input reaches the
    test condition, the status LED and servo or relay lock should switch state. If the reading changes but the output
    does not, debug the output wiring separately.
  common_mistakes:
  - text: Testing input and output for the first time together.
  - text: Using a GPIO pin that does not match the code constant.
  - text: Expecting an ESP32 GPIO to power a motor, pump, or lock directly.
  - text: Forgetting the shared ground between modules.
  troubleshooting:
  - problem: RFID reader or keypad input never changes
    fix: Check power, ground, signal pin, and whether the sensor is analog or digital.
  - problem: servo or relay lock does not switch
    fix: Test the output module with a simple blink-style sketch before using the full project.
  - problem: ESP32 resets under load
    fix: Use a separate supply for motors, pumps, or locks and keep only control signals connected to ESP32.
  - problem: Behavior is reversed
    fix: Your module may be active LOW; invert the output logic after confirming with Serial Monitor.
  upgrade_ideas:
  - Add OLED status feedback.
  - Add Wi-Fi dashboard or mobile alerts.
  - Store event history in flash or a cloud service.
  - Add calibration settings instead of hard-coded thresholds.
  related_guides:
  - title: Read Temperature with DHT22
    href: /guides/read-temperature-dht22.html
    description: Learn the sensor-reading workflow used in many ESP32 projects.
  - title: Connect an OLED Display
    href: /guides/connect-oled-esp32.html
    description: Add a local display for values, status, and debugging.
  related_projects:
  - title: ESP32 IoT Weather Station
    href: /projects/esp32-iot-weather-station.html
    description: Practice sensor readings and clean Serial output.
  - title: ESP32 Home Climate Automation
    href: /projects/esp32-home-climate-automation.html
    description: Turn measurements into automatic control decisions.
  complete:
    summary: You built a real door lock prototype and learned how to connect sensing, decision logic, and output
      control in one ESP32 project.
    skills:
    - Wire and test RFID reader or keypad input
    - Control servo or relay lock from ESP32
    - Debug hardware with Serial Monitor
    - Improve the project safely
  story: 'ESP32 Smart Door Lock turns the ESP32 into a real object that senses something, decides what it means,
    and reacts in the physical world.


    The important lesson is not only the finished door lock prototype. You learn how to separate input, decision
    logic, and output so a project stays debuggable instead of becoming a pile of wires and guesses.'
  eli12: Think of the ESP32 as the brain. The RFID reader or keypad input is how it notices the world. The servo
    or relay lock is how it answers back. The code is the rule book that tells the brain what to do when the numbers
    change.
  parent_safety: This tutorial is designed for low-voltage learning on USB or a regulated low-voltage supply. Unplug
    the ESP32 before changing wires. Keep motors, pumps, door hardware, and relay loads separate from the USB programming
    circuit. Do not use mains voltage on a breadboard.
  learning_objectives:
  - Wire and test the RFID reader or keypad input before connecting the rest of the circuit.
  - Map each signal to a named ESP32 GPIO and keep the code constants readable.
  - Control servo or relay lock using a clear threshold or command instead of hidden magic numbers.
  - Use Serial Monitor as an engineering tool, not only as a success message.
  - Identify power, wiring, and timing faults using a repeatable test checklist.
  circuit_explanation: The circuit is split into an input side and an output side. The RFID reader or keypad input
    tells the ESP32 what is happening. The servo or relay lock receives a controlled signal from the ESP32, usually
    through a driver, relay, or module that can handle more current than a GPIO pin.
  engineering_explanation: A reliable door lock prototype is built in layers. First prove the input, then prove
    the output, then join them with simple state logic. This prevents a common beginner problem where the robot,
    lock, or automation fails and every wire looks suspicious at the same time.
  code_explanation: The example uses named pins, reads the input, converts the reading into a true or false decision,
    and then updates the output and status LED. Replace the threshold with values measured from your own RFID reader
    or keypad input because modules vary.
  testing_checklist:
  - ESP32 appears on the correct port and accepts a basic blink upload.
  - Ground is shared between every module that exchanges signals with the ESP32.
  - Each GPIO in the code matches the wire connected on the breadboard.
  - Serial Monitor prints startup text at 115200 baud.
  - The RFID reader or keypad input value changes when you create a real test condition.
  - The servo or relay lock changes only when the expected condition is reached.
  - The circuit still behaves correctly after power is removed and restored.
  build_photos:
  - title: Breadboard overview
    note: Show the ESP32, module placement, and power rails clearly.
  - title: Close-up wiring
    note: Capture each GPIO wire so beginners can compare their build.
  - title: Working output
    note: Show the Serial Monitor, display, robot, pump, or lock state after the code runs.
  downloads:
  - text: ESP32 Smart Door Lock Arduino sketch
    note: Use the code section as the downloadable source until file downloads are published.
  - text: Wiring checklist
    note: Match the GPIO table and wiring steps before powering the circuit.
  - text: Troubleshooting worksheet
    note: Record symptoms, Serial output, voltage checks, and fixes.
  real_world_applications:
  - Classroom door lock prototype trainer
  - STEM lab demonstration
  - Home automation prototype
  - Engineering debugging practice
  - IoT portfolio project
  faqs:
  - question: Why does my RFID reader or keypad input reading look wrong?
    answer: Check the input power, ground, and signal wiring before changing access logic. Keypads and RFID readers
      fail differently, so test the input alone first.
  - question: Why does servo or relay lock not respond?
    answer: Check the ground connection first. Then confirm the output pin, power supply capacity, and whether the
      output module uses active HIGH or active LOW logic.
  - question: Can this protect a real door?
    answer: No. Treat it as a low-voltage classroom prototype. Real locks need mechanical fail-safe planning, secure
      installation, and adult review.
quality_status: golden
status: complete
